
Microsoft Visual Studio Solution File, Format Version 12.00
# Visual Studio Version 17
VisualStudioVersion = 17.2.32616.157
MinimumVisualStudioVersion = 10.0.40219.1
Project("{2150E333-8FDC-42A3-9474-1A3956D46DE8}") = "Shared", "Shared", "{53962C1D-57DC-4051-A99C-771E297D5222}"
EndProject
Project("{2150E333-8FDC-42A3-9474-1A3956D46DE8}") = "Services", "Services", "{D38ECE58-7CF3-4106-A47F-C06EA93C3A63}"
EndProject
Project("{2150E333-8FDC-42A3-9474-1A3956D46DE8}") = "ToDo", "ToDo", "{E3479436-5476-4E7D-87FA-132A0C4399EF}"
EndProject
Project("{9A19103F-16F7-4668-BE54-9A1E7A4F7556}") = "Todo.Services.Model", "Services\Todo.Services.Model\Todo.Services.Model.csproj", "{0E1726A7-87E9-410F-9F19-6EE3AB3811AB}"
EndProject
Project("{FAE04EC0-301F-11D3-BF4B-00C04F79EFBC}") = "Todo.Services.Data", "Services\Todo.Services.Data\Todo.Services.Data.csproj", "{CA0772CA-2DAB-4475-862D-A1D84BD409A2}"
EndProject
Project("{FAE04EC0-301F-11D3-BF4B-00C04F79EFBC}") = "Todo.Services.Service", "Services\Todo.Services.Service\Todo.Services.Service.csproj", "{2D4F0FB2-453E-48AB-A35A-4F261974894A}"
EndProject
Project("{FAE04EC0-301F-11D3-BF4B-00C04F79EFBC}") = "Todo.Services.TodoAPI", "Services\Todo.Services.TodoAPI\Todo.Services.TodoAPI.csproj", "{57EDBD0A-50FF-4478-AED4-237C7F9409EB}"
EndProject
Project("{FAE04EC0-301F-11D3-BF4B-00C04F79EFBC}") = "DBHelper", "Shared\DBHelper\DBHelper.csproj", "{8A3B367A-90CA-4791-871A-5B608A9B463E}"
EndProject
Project("{FAE04EC0-301F-11D3-BF4B-00C04F79EFBC}") = "Todo.Shared", "Shared\Todo.Shared\Todo.Shared.csproj", "{B1A6A8B1-22F9-4E10-AAF3-49D5B0478232}"
EndProject
Project("{2150E333-8FDC-42A3-9474-1A3956D46DE8}") = "Login", "Login", "{DEC15930-5D11-49E7-85D6-7D8E4A72DBF2}"
EndProject
Global
	GlobalSection(SolutionConfigurationPlatforms) = preSolution
		Debug|Any CPU = Debug|Any CPU
		Debug|ARM = Debug|ARM
		Debug|ARM64 = Debug|ARM64
		Debug|x64 = Debug|x64
		Debug|x86 = Debug|x86
		Release|Any CPU = Release|Any CPU
		Release|ARM = Release|ARM
		Release|ARM64 = Release|ARM64
		Release|x64 = Release|x64
		Release|x86 = Release|x86
	EndGlobalSection
	GlobalSection(ProjectConfigurationPlatforms) = postSolution
		{0E1726A7-87E9-410F-9F19-6EE3AB3811AB}.Debug|Any CPU.ActiveCfg = Debug|Any CPU
		{0E1726A7-87E9-410F-9F19-6EE3AB3811AB}.Debug|Any CPU.Build.0 = Debug|Any CPU
		{0E1726A7-87E9-410F-9F19-6EE3AB3811AB}.Debug|ARM.ActiveCfg = Debug|Any CPU
		{0E1726A7-87E9-410F-9F19-6EE3AB3811AB}.Debug|ARM.Build.0 = Debug|Any CPU
		{0E1726A7-87E9-410F-9F19-6EE3AB3811AB}.Debug|ARM64.ActiveCfg = Debug|Any CPU
		{0E1726A7-87E9-410F-9F19-6EE3AB3811AB}.Debug|ARM64.Build.0 = Debug|Any CPU
		{0E1726A7-87E9-410F-9F19-6EE3AB3811AB}.Debug|x64.ActiveCfg = Debug|Any CPU
		{0E1726A7-87E9-410F-9F19-6EE3AB3811AB}.Debug|x64.Build.0 = Debug|Any CPU
		{0E1726A7-87E9-410F-9F19-6EE3AB3811AB}.Debug|x86.ActiveCfg = Debug|Any CPU
		{0E1726A7-87E9-410F-9F19-6EE3AB3811AB}.Debug|x86.Build.0 = Debug|Any CPU
		{0E1726A7-87E9-410F-9F19-6EE3AB3811AB}.Release|Any CPU.ActiveCfg = Release|Any CPU
		{0E1726A7-87E9-410F-9F19-6EE3AB3811AB}.Release|Any CPU.Build.0 = Release|Any CPU
		{0E1726A7-87E9-410F-9F19-6EE3AB3811AB}.Release|ARM.ActiveCfg = Release|Any CPU
		{0E1726A7-87E9-410F-9F19-6EE3AB3811AB}.Release|ARM.Build.0 = Release|Any CPU
		{0E1726A7-87E9-410F-9F19-6EE3AB3811AB}.Release|ARM64.ActiveCfg = Release|Any CPU
		{0E1726A7-87E9-410F-9F19-6EE3AB3811AB}.Release|ARM64.Build.0 = Release|Any CPU
		{0E1726A7-87E9-410F-9F19-6EE3AB3811AB}.Release|x64.ActiveCfg = Release|Any CPU
		{0E1726A7-87E9-410F-9F19-6EE3AB3811AB}.Release|x64.Build.0 = Release|Any CPU
		{0E1726A7-87E9-410F-9F19-6EE3AB3811AB}.Release|x86.ActiveCfg = Release|Any CPU
		{0E1726A7-87E9-410F-9F19-6EE3AB3811AB}.Release|x86.Build.0 = Release|Any CPU
		{CA0772CA-2DAB-4475-862D-A1D84BD409A2}.Debug|Any CPU.ActiveCfg = Debug|Any CPU
		{CA0772CA-2DAB-4475-862D-A1D84BD409A2}.Debug|Any CPU.Build.0 = Debug|Any CPU
		{CA0772CA-2DAB-4475-862D-A1D84BD409A2}.Debug|ARM.ActiveCfg = Debug|Any CPU
		{CA0772CA-2DAB-4475-862D-A1D84BD409A2}.Debug|ARM.Build.0 = Debug|Any CPU
		{CA0772CA-2DAB-4475-862D-A1D84BD409A2}.Debug|ARM64.ActiveCfg = Debug|Any CPU
		{CA0772CA-2DAB-4475-862D-A1D84BD409A2}.Debug|ARM64.Build.0 = Debug|Any CPU
		{CA0772CA-2DAB-4475-862D-A1D84BD409A2}.Debug|x64.ActiveCfg = Debug|Any CPU
		{CA0772CA-2DAB-4475-862D-A1D84BD409A2}.Debug|x64.Build.0 = Debug|Any CPU
		{CA0772CA-2DAB-4475-862D-A1D84BD409A2}.Debug|x86.ActiveCfg = Debug|Any CPU
		{CA0772CA-2DAB-4475-862D-A1D84BD409A2}.Debug|x86.Build.0 = Debug|Any CPU
		{CA0772CA-2DAB-4475-862D-A1D84BD409A2}.Release|Any CPU.ActiveCfg = Release|Any CPU
		{CA0772CA-2DAB-4475-862D-A1D84BD409A2}.Release|Any CPU.Build.0 = Release|Any CPU
		{CA0772CA-2DAB-4475-862D-A1D84BD409A2}.Release|ARM.ActiveCfg = Release|Any CPU
		{CA0772CA-2DAB-4475-862D-A1D84BD409A2}.Release|ARM.Build.0 = Release|Any CPU
		{CA0772CA-2DAB-4475-862D-A1D84BD409A2}.Release|ARM64.ActiveCfg = Release|Any CPU
		{CA0772CA-2DAB-4475-862D-A1D84BD409A2}.Release|ARM64.Build.0 = Release|Any CPU
		{CA0772CA-2DAB-4475-862D-A1D84BD409A2}.Release|x64.ActiveCfg = Release|Any CPU
		{CA0772CA-2DAB-4475-862D-A1D84BD409A2}.Release|x64.Build.0 = Release|Any CPU
		{CA0772CA-2DAB-4475-862D-A1D84BD409A2}.Release|x86.ActiveCfg = Release|Any CPU
		{CA0772CA-2DAB-4475-862D-A1D84BD409A2}.Release|x86.Build.0 = Release|Any CPU
		{2D4F0FB2-453E-48AB-A35A-4F261974894A}.Debug|Any CPU.ActiveCfg = Debug|Any CPU
		{2D4F0FB2-453E-48AB-A35A-4F261974894A}.Debug|Any CPU.Build.0 = Debug|Any CPU
		{2D4F0FB2-453E-48AB-A35A-4F261974894A}.Debug|ARM.ActiveCfg = Debug|Any CPU
		{2D4F0FB2-453E-48AB-A35A-4F261974894A}.Debug|ARM.Build.0 = Debug|Any CPU
		{2D4F0FB2-453E-48AB-A35A-4F261974894A}.Debug|ARM64.ActiveCfg = Debug|Any CPU
		{2D4F0FB2-453E-48AB-A35A-4F261974894A}.Debug|ARM64.Build.0 = Debug|Any CPU
		{2D4F0FB2-453E-48AB-A35A-4F261974894A}.Debug|x64.ActiveCfg = Debug|Any CPU
		{2D4F0FB2-453E-48AB-A35A-4F261974894A}.Debug|x64.Build.0 = Debug|Any CPU
		{2D4F0FB2-453E-48AB-A35A-4F261974894A}.Debug|x86.ActiveCfg = Debug|Any CPU
		{2D4F0FB2-453E-48AB-A35A-4F261974894A}.Debug|x86.Build.0 = Debug|Any CPU
		{2D4F0FB2-453E-48AB-A35A-4F261974894A}.Release|Any CPU.ActiveCfg = Release|Any CPU
		{2D4F0FB2-453E-48AB-A35A-4F261974894A}.Release|Any CPU.Build.0 = Release|Any CPU
		{2D4F0FB2-453E-48AB-A35A-4F261974894A}.Release|ARM.ActiveCfg = Release|Any CPU
		{2D4F0FB2-453E-48AB-A35A-4F261974894A}.Release|ARM.Build.0 = Release|Any CPU
		{2D4F0FB2-453E-48AB-A35A-4F261974894A}.Release|ARM64.ActiveCfg = Release|Any CPU
		{2D4F0FB2-453E-48AB-A35A-4F261974894A}.Release|ARM64.Build.0 = Release|Any CPU
		{2D4F0FB2-453E-48AB-A35A-4F261974894A}.Release|x64.ActiveCfg = Release|Any CPU
		{2D4F0FB2-453E-48AB-A35A-4F261974894A}.Release|x64.Build.0 = Release|Any CPU
		{2D4F0FB2-453E-48AB-A35A-4F261974894A}.Release|x86.ActiveCfg = Release|Any CPU
		{2D4F0FB2-453E-48AB-A35A-4F261974894A}.Release|x86.Build.0 = Release|Any CPU
		{57EDBD0A-50FF-4478-AED4-237C7F9409EB}.Debug|Any CPU.ActiveCfg = Debug|Any CPU
		{57EDBD0A-50FF-4478-AED4-237C7F9409EB}.Debug|Any CPU.Build.0 = Debug|Any CPU
		{57EDBD0A-50FF-4478-AED4-237C7F9409EB}.Debug|ARM.ActiveCfg = Debug|Any CPU
		{57EDBD0A-50FF-4478-AED4-237C7F9409EB}.Debug|ARM.Build.0 = Debug|Any CPU
		{57EDBD0A-50FF-4478-AED4-237C7F9409EB}.Debug|ARM64.ActiveCfg = Debug|Any CPU
		{57EDBD0A-50FF-4478-AED4-237C7F9409EB}.Debug|ARM64.Build.0 = Debug|Any CPU
		{57EDBD0A-50FF-4478-AED4-237C7F9409EB}.Debug|x64.ActiveCfg = Debug|Any CPU
		{57EDBD0A-50FF-4478-AED4-237C7F9409EB}.Debug|x64.Build.0 = Debug|Any CPU
		{57EDBD0A-50FF-4478-AED4-237C7F9409EB}.Debug|x86.ActiveCfg = Debug|Any CPU
		{57EDBD0A-50FF-4478-AED4-237C7F9409EB}.Debug|x86.Build.0 = Debug|Any CPU
		{57EDBD0A-50FF-4478-AED4-237C7F9409EB}.Release|Any CPU.ActiveCfg = Release|Any CPU
		{57EDBD0A-50FF-4478-AED4-237C7F9409EB}.Release|Any CPU.Build.0 = Release|Any CPU
		{57EDBD0A-50FF-4478-AED4-237C7F9409EB}.Release|ARM.ActiveCfg = Release|Any CPU
		{57EDBD0A-50FF-4478-AED4-237C7F9409EB}.Release|ARM.Build.0 = Release|Any CPU
		{57EDBD0A-50FF-4478-AED4-237C7F9409EB}.Release|ARM64.ActiveCfg = Release|Any CPU
		{57EDBD0A-50FF-4478-AED4-237C7F9409EB}.Release|ARM64.Build.0 = Release|Any CPU
		{57EDBD0A-50FF-4478-AED4-237C7F9409EB}.Release|x64.ActiveCfg = Release|Any CPU
		{57EDBD0A-50FF-4478-AED4-237C7F9409EB}.Release|x64.Build.0 = Release|Any CPU
		{57EDBD0A-50FF-4478-AED4-237C7F9409EB}.Release|x86.ActiveCfg = Release|Any CPU
		{57EDBD0A-50FF-4478-AED4-237C7F9409EB}.Release|x86.Build.0 = Release|Any CPU
		{8A3B367A-90CA-4791-871A-5B608A9B463E}.Debug|Any CPU.ActiveCfg = Debug|Any CPU
		{8A3B367A-90CA-4791-871A-5B608A9B463E}.Debug|Any CPU.Build.0 = Debug|Any CPU
		{8A3B367A-90CA-4791-871A-5B608A9B463E}.Debug|ARM.ActiveCfg = Debug|Any CPU
		{8A3B367A-90CA-4791-871A-5B608A9B463E}.Debug|ARM.Build.0 = Debug|Any CPU
		{8A3B367A-90CA-4791-871A-5B608A9B463E}.Debug|ARM64.ActiveCfg = Debug|Any CPU
		{8A3B367A-90CA-4791-871A-5B608A9B463E}.Debug|ARM64.Build.0 = Debug|Any CPU
		{8A3B367A-90CA-4791-871A-5B608A9B463E}.Debug|x64.ActiveCfg = Debug|Any CPU
		{8A3B367A-90CA-4791-871A-5B608A9B463E}.Debug|x64.Build.0 = Debug|Any CPU
		{8A3B367A-90CA-4791-871A-5B608A9B463E}.Debug|x86.ActiveCfg = Debug|Any CPU
		{8A3B367A-90CA-4791-871A-5B608A9B463E}.Debug|x86.Build.0 = Debug|Any CPU
		{8A3B367A-90CA-4791-871A-5B608A9B463E}.Release|Any CPU.ActiveCfg = Release|Any CPU
		{8A3B367A-90CA-4791-871A-5B608A9B463E}.Release|Any CPU.Build.0 = Release|Any CPU
		{8A3B367A-90CA-4791-871A-5B608A9B463E}.Release|ARM.ActiveCfg = Release|Any CPU
		{8A3B367A-90CA-4791-871A-5B608A9B463E}.Release|ARM.Build.0 = Release|Any CPU
		{8A3B367A-90CA-4791-871A-5B608A9B463E}.Release|ARM64.ActiveCfg = Release|Any CPU
		{8A3B367A-90CA-4791-871A-5B608A9B463E}.Release|ARM64.Build.0 = Release|Any CPU
		{8A3B367A-90CA-4791-871A-5B608A9B463E}.Release|x64.ActiveCfg = Release|Any CPU
		{8A3B367A-90CA-4791-871A-5B608A9B463E}.Release|x64.Build.0 = Release|Any CPU
		{8A3B367A-90CA-4791-871A-5B608A9B463E}.Release|x86.ActiveCfg = Release|Any CPU
		{8A3B367A-90CA-4791-871A-5B608A9B463E}.Release|x86.Build.0 = Release|Any CPU
		{B1A6A8B1-22F9-4E10-AAF3-49D5B0478232}.Debug|Any CPU.ActiveCfg = Debug|Any CPU
		{B1A6A8B1-22F9-4E10-AAF3-49D5B0478232}.Debug|Any CPU.Build.0 = Debug|Any CPU
		{B1A6A8B1-22F9-4E10-AAF3-49D5B0478232}.Debug|ARM.ActiveCfg = Debug|Any CPU
		{B1A6A8B1-22F9-4E10-AAF3-49D5B0478232}.Debug|ARM.Build.0 = Debug|Any CPU
		{B1A6A8B1-22F9-4E10-AAF3-49D5B0478232}.Debug|ARM64.ActiveCfg = Debug|Any CPU
		{B1A6A8B1-22F9-4E10-AAF3-49D5B0478232}.Debug|ARM64.Build.0 = Debug|Any CPU
		{B1A6A8B1-22F9-4E10-AAF3-49D5B0478232}.Debug|x64.ActiveCfg = Debug|Any CPU
		{B1A6A8B1-22F9-4E10-AAF3-49D5B0478232}.Debug|x64.Build.0 = Debug|Any CPU
		{B1A6A8B1-22F9-4E10-AAF3-49D5B0478232}.Debug|x86.ActiveCfg = Debug|Any CPU
		{B1A6A8B1-22F9-4E10-AAF3-49D5B0478232}.Debug|x86.Build.0 = Debug|Any CPU
		{B1A6A8B1-22F9-4E10-AAF3-49D5B0478232}.Release|Any CPU.ActiveCfg = Release|Any CPU
		{B1A6A8B1-22F9-4E10-AAF3-49D5B0478232}.Release|Any CPU.Build.0 = Release|Any CPU
		{B1A6A8B1-22F9-4E10-AAF3-49D5B0478232}.Release|ARM.ActiveCfg = Release|Any CPU
		{B1A6A8B1-22F9-4E10-AAF3-49D5B0478232}.Release|ARM.Build.0 = Release|Any CPU
		{B1A6A8B1-22F9-4E10-AAF3-49D5B0478232}.Release|ARM64.ActiveCfg = Release|Any CPU
		{B1A6A8B1-22F9-4E10-AAF3-49D5B0478232}.Release|ARM64.Build.0 = Release|Any CPU
		{B1A6A8B1-22F9-4E10-AAF3-49D5B0478232}.Release|x64.ActiveCfg = Release|Any CPU
		{B1A6A8B1-22F9-4E10-AAF3-49D5B0478232}.Release|x64.Build.0 = Release|Any CPU
		{B1A6A8B1-22F9-4E10-AAF3-49D5B0478232}.Release|x86.ActiveCfg = Release|Any CPU
		{B1A6A8B1-22F9-4E10-AAF3-49D5B0478232}.Release|x86.Build.0 = Release|Any CPU
	EndGlobalSection
	GlobalSection(SolutionProperties) = preSolution
		HideSolutionNode = FALSE
	EndGlobalSection
	GlobalSection(NestedProjects) = preSolution
		{E3479436-5476-4E7D-87FA-132A0C4399EF} = {D38ECE58-7CF3-4106-A47F-C06EA93C3A63}
		{0E1726A7-87E9-410F-9F19-6EE3AB3811AB} = {E3479436-5476-4E7D-87FA-132A0C4399EF}
		{CA0772CA-2DAB-4475-862D-A1D84BD409A2} = {E3479436-5476-4E7D-87FA-132A0C4399EF}
		{2D4F0FB2-453E-48AB-A35A-4F261974894A} = {E3479436-5476-4E7D-87FA-132A0C4399EF}
		{57EDBD0A-50FF-4478-AED4-237C7F9409EB} = {E3479436-5476-4E7D-87FA-132A0C4399EF}
		{8A3B367A-90CA-4791-871A-5B608A9B463E} = {53962C1D-57DC-4051-A99C-771E297D5222}
		{B1A6A8B1-22F9-4E10-AAF3-49D5B0478232} = {53962C1D-57DC-4051-A99C-771E297D5222}
		{DEC15930-5D11-49E7-85D6-7D8E4A72DBF2} = {D38ECE58-7CF3-4106-A47F-C06EA93C3A63}
	EndGlobalSection
	GlobalSection(ExtensibilityGlobals) = postSolution
		SolutionGuid = {3653B16D-BA40-4C1A-B4AA-FCA2B6EDC32C}
	EndGlobalSection
EndGlobal
